
Microsoft Visual Studio Solution File, Format Version 12.00
# Visual Studio Version 17
VisualStudioVersion = 17.14.36203.30 d17.14
MinimumVisualStudioVersion = 10.0.40219.1
Project("{FAE04EC0-301F-11D3-BF4B-00C04F79EFBC}") = "Katague_Labact_5", "Katague_Labact_5\Katague_Labact_5.csproj", "{BADE8C7C-22DE-490E-B0CD-8AE2D196D5C0}"
EndProject
Global
	GlobalSection(SolutionConfigurationPlatforms) = preSolution
		Debug|Any CPU = Debug|Any CPU
		Release|Any CPU = Release|Any CPU
	EndGlobalSection
	GlobalSection(ProjectConfigurationPlatforms) = postSolution
		{BADE8C7C-22DE-490E-B0CD-8AE2D196D5C0}.Debug|Any CPU.ActiveCfg = Debug|Any CPU
		{BADE8C7C-22DE-490E-B0CD-8AE2D196D5C0}.Debug|Any CPU.Build.0 = Debug|Any CPU
		{BADE8C7C-22DE-490E-B0CD-8AE2D196D5C0}.Release|Any CPU.ActiveCfg = Release|Any CPU
		{BADE8C7C-22DE-490E-B0CD-8AE2D196D5C0}.Release|Any CPU.Build.0 = Release|Any CPU
	EndGlobalSection
	GlobalSection(SolutionProperties) = preSolution
		HideSolutionNode = FALSE
	EndGlobalSection
	GlobalSection(ExtensibilityGlobals) = postSolution
		SolutionGuid = {8F6AF2B4-8129-45D0-8172-EF0548BBC0CB}
	EndGlobalSection
EndGlobal
